
Microsoft Visual Studio Solution File, Format Version 12.00
# Visual Studio 15
VisualStudioVersion = 15.0.27130.2027
MinimumVisualStudioVersion = 10.0.40219.1
Project("{FAE04EC0-301F-11D3-BF4B-00C04F79EFBC}") = "Communalnie", "Communalnie\Communalnie.csproj", "{A7BA951B-E35C-48B4-A0F3-B7ADE95CD3C9}"
EndProject
Global
	GlobalSection(SolutionConfigurationPlatforms) = preSolution
		Debug|Any CPU = Debug|Any CPU
		Release|Any CPU = Release|Any CPU
	EndGlobalSection
	GlobalSection(ProjectConfigurationPlatforms) = postSolution
		{A7BA951B-E35C-48B4-A0F3-B7ADE95CD3C9}.Debug|Any CPU.ActiveCfg = Debug|Any CPU
		{A7BA951B-E35C-48B4-A0F3-B7ADE95CD3C9}.Debug|Any CPU.Build.0 = Debug|Any CPU
		{A7BA951B-E35C-48B4-A0F3-B7ADE95CD3C9}.Release|Any CPU.ActiveCfg = Release|Any CPU
		{A7BA951B-E35C-48B4-A0F3-B7ADE95CD3C9}.Release|Any CPU.Build.0 = Release|Any CPU
	EndGlobalSection
	GlobalSection(SolutionProperties) = preSolution
		HideSolutionNode = FALSE
	EndGlobalSection
	GlobalSection(ExtensibilityGlobals) = postSolution
		SolutionGuid = {BF0719E0-3CD5-4634-90A0-A80FEEA1A5F6}
	EndGlobalSection
EndGlobal
